{
  "nodes": {
    "common-config": {
      "locked": {
        "lastModified": 1686771818,
        "narHash": "sha256-TCuIMV+8QnrgJOurzMJONDEoZt3IXbUGxjB6ketNlHs=",
        "owner": "misumisumi",
        "repo": "nixos-common-config",
        "rev": "a54b91e0c46f110f20dc903d928d22ca47680890",
        "type": "github"
      },
      "original": {
        "owner": "misumisumi",
        "repo": "nixos-common-config",
        "type": "github"
      }
    },
    "flake-compat": {
      "flake": false,
      "locked": {
        "lastModified": 1668681692,
        "narHash": "sha256-Ht91NGdewz8IQLtWZ9LCeNXMSXHUss+9COoqu6JLmXU=",
        "owner": "edolstra",
        "repo": "flake-compat",
        "rev": "009399224d5e398d03b22badca40a37ac85412a1",
        "type": "github"
      },
      "original": {
        "owner": "edolstra",
        "repo": "flake-compat",
        "type": "github"
      }
    },
    "flake-utils": {
      "inputs": {
        "systems": "systems"
      },
      "locked": {
        "lastModified": 1685518550,
        "narHash": "sha256-o2d0KcvaXzTrPRIo0kOLV0/QXHhDQ5DTi+OxcjO8xqY=",
        "owner": "numtide",
        "repo": "flake-utils",
        "rev": "a1720a10a6cfe8234c0e93907ffe81be440f4cef",
        "type": "github"
      },
      "original": {
        "owner": "numtide",
        "repo": "flake-utils",
        "type": "github"
      }
    },
    "flake-utils_2": {
      "locked": {
        "lastModified": 1667395993,
        "narHash": "sha256-nuEHfE/LcWyuSWnS8t12N1wc105Qtau+/OdUAjtQ0rA=",
        "owner": "numtide",
        "repo": "flake-utils",
        "rev": "5aed5285a952e0b949eb3ba02c12fa4fcfef535f",
        "type": "github"
      },
      "original": {
        "owner": "numtide",
        "repo": "flake-utils",
        "type": "github"
      }
    },
    "flake-utils_3": {
      "locked": {
        "lastModified": 1667395993,
        "narHash": "sha256-nuEHfE/LcWyuSWnS8t12N1wc105Qtau+/OdUAjtQ0rA=",
        "owner": "numtide",
        "repo": "flake-utils",
        "rev": "5aed5285a952e0b949eb3ba02c12fa4fcfef535f",
        "type": "github"
      },
      "original": {
        "owner": "numtide",
        "repo": "flake-utils",
        "type": "github"
      }
    },
    "flakes": {
      "inputs": {
        "flake-utils": "flake-utils_2",
        "nixpkgs": [
          "nixpkgs"
        ],
        "nvfetcher": "nvfetcher"
      },
      "locked": {
        "lastModified": 1683745437,
        "narHash": "sha256-WmtMEEwBkFD8ftmFB0t9IDOLPnqqsAOV39XYj4EYR2Y=",
        "owner": "misumisumi",
        "repo": "flakes",
        "rev": "25a46fb763a9cde9150e61f045e51c3bf39e283c",
        "type": "github"
      },
      "original": {
        "owner": "misumisumi",
        "repo": "flakes",
        "type": "github"
      }
    },
    "home-manager": {
      "inputs": {
        "nixpkgs": [
          "nixpkgs"
        ]
      },
      "locked": {
        "lastModified": 1686852570,
        "narHash": "sha256-Hzufya/HxjSliCwpuLJCGY0WCQajzcpsnhFGa+TCkCM=",
        "owner": "nix-community",
        "repo": "home-manager",
        "rev": "4e09c83255c5b23d58714d56672d3946faf1bcef",
        "type": "github"
      },
      "original": {
        "owner": "nix-community",
        "repo": "home-manager",
        "type": "github"
      }
    },
    "musnix": {
      "inputs": {
        "nixpkgs": [
          "nixpkgs"
        ]
      },
      "locked": {
        "lastModified": 1679269409,
        "narHash": "sha256-f52ph0rV/tn2Gge6WHqO55K/TNTHAOhgp23uZ7QhlSE=",
        "owner": "musnix",
        "repo": "musnix",
        "rev": "79a6cf5a711e7d2dbf0a3ba0df9bae016d6247f8",
        "type": "github"
      },
      "original": {
        "owner": "musnix",
        "repo": "musnix",
        "type": "github"
      }
    },
    "nixgl": {
      "inputs": {
        "flake-utils": [
          "flake-utils"
        ],
        "nixpkgs": [
          "nixpkgs"
        ]
      },
      "locked": {
        "lastModified": 1685908677,
        "narHash": "sha256-E4zUPEUFyVWjVm45zICaHRpfGepfkE9Z2OECV9HXfA4=",
        "owner": "guibou",
        "repo": "nixGL",
        "rev": "489d6b095ab9d289fe11af0219a9ff00fe87c7c5",
        "type": "github"
      },
      "original": {
        "owner": "guibou",
        "repo": "nixGL",
        "type": "github"
      }
    },
    "nixpkgs": {
      "locked": {
        "lastModified": 1686592866,
        "narHash": "sha256-riGg89eWhXJcPNrQGcSwTEEm7CGxWC06oSX44hajeMw=",
        "owner": "NixOS",
        "repo": "nixpkgs",
        "rev": "0eeebd64de89e4163f4d3cf34ffe925a5cf67a05",
        "type": "github"
      },
      "original": {
        "owner": "NixOS",
        "ref": "nixos-unstable",
        "repo": "nixpkgs",
        "type": "github"
      }
    },
    "nixpkgs-stable": {
      "locked": {
        "lastModified": 1686736559,
        "narHash": "sha256-YyUSVoOKIDAscTx7IZhF9x3qgZ9dPNF19fKk+4c5irc=",
        "owner": "NixOS",
        "repo": "nixpkgs",
        "rev": "ddf4688dc7aeb14e8a3c549cb6aa6337f187a884",
        "type": "github"
      },
      "original": {
        "owner": "NixOS",
        "ref": "nixos-23.05",
        "repo": "nixpkgs",
        "type": "github"
      }
    },
    "nur": {
      "locked": {
        "lastModified": 1686839001,
        "narHash": "sha256-RYyTnz4gjmoh5dcAT577rKh6Tm7esOtvr9f4xkt/zXg=",
        "owner": "nix-community",
        "repo": "NUR",
        "rev": "8034469dea30dfe972d3c258958c019f62e63e4b",
        "type": "github"
      },
      "original": {
        "owner": "nix-community",
        "repo": "NUR",
        "type": "github"
      }
    },
    "nvfetcher": {
      "inputs": {
        "flake-compat": "flake-compat",
        "flake-utils": "flake-utils_3",
        "nixpkgs": [
          "flakes",
          "nixpkgs"
        ]
      },
      "locked": {
        "lastModified": 1672979485,
        "narHash": "sha256-LrY0K1yya3nvRlGDc98wm68ozVj7E6a1EXXEr7eHp8E=",
        "owner": "berberman",
        "repo": "nvfetcher",
        "rev": "0a9ac5fd07b52467d81163b1f8c94c12e5c9aff9",
        "type": "github"
      },
      "original": {
        "owner": "berberman",
        "repo": "nvfetcher",
        "type": "github"
      }
    },
    "nvimdots": {
      "locked": {
        "lastModified": 1685367593,
        "narHash": "sha256-4oJcHwdPB5YnUOCfvM1dZUfYjmrUQ2EZVAjGRtwWgrA=",
        "owner": "misumisumi",
        "repo": "nvimdots",
        "rev": "80c6c99e986306adb9f4b9b84f298b11be3f5af8",
        "type": "github"
      },
      "original": {
        "owner": "misumisumi",
        "repo": "nvimdots",
        "type": "github"
      }
    },
    "root": {
      "inputs": {
        "common-config": "common-config",
        "flake-utils": "flake-utils",
        "flakes": "flakes",
        "home-manager": "home-manager",
        "musnix": "musnix",
        "nixgl": "nixgl",
        "nixpkgs": "nixpkgs",
        "nixpkgs-stable": "nixpkgs-stable",
        "nur": "nur",
        "nvimdots": "nvimdots"
      }
    },
    "systems": {
      "locked": {
        "lastModified": 1681028828,
        "narHash": "sha256-Vy1rq5AaRuLzOxct8nz4T6wlgyUR7zLU309k9mBC768=",
        "owner": "nix-systems",
        "repo": "default",
        "rev": "da67096a3b9bf56a91d16901293e51ba5b49a27e",
        "type": "github"
      },
      "original": {
        "owner": "nix-systems",
        "repo": "default",
        "type": "github"
      }
    }
  },
  "root": "root",
  "version": 7
}
